
Microsoft Visual Studio Solution File, Format Version 12.00
# Visual Studio 15
VisualStudioVersion = 15.0.28010.2048
MinimumVisualStudioVersion = 10.0.40219.1
Project("{FAE04EC0-301F-11D3-BF4B-00C04F79EFBC}") = "PartyInvites", "PartyInvites\PartyInvites.csproj", "{32FB644E-0124-4A23-A7BD-F5413886F513}"
EndProject
Global
	GlobalSection(SolutionConfigurationPlatforms) = preSolution
		Debug|Any CPU = Debug|Any CPU
		Release|Any CPU = Release|Any CPU
	EndGlobalSection
	GlobalSection(ProjectConfigurationPlatforms) = postSolution
		{32FB644E-0124-4A23-A7BD-F5413886F513}.Debug|Any CPU.ActiveCfg = Debug|Any CPU
		{32FB644E-0124-4A23-A7BD-F5413886F513}.Debug|Any CPU.Build.0 = Debug|Any CPU
		{32FB644E-0124-4A23-A7BD-F5413886F513}.Release|Any CPU.ActiveCfg = Release|Any CPU
		{32FB644E-0124-4A23-A7BD-F5413886F513}.Release|Any CPU.Build.0 = Release|Any CPU
	EndGlobalSection
	GlobalSection(SolutionProperties) = preSolution
		HideSolutionNode = FALSE
	EndGlobalSection
	GlobalSection(ExtensibilityGlobals) = postSolution
		SolutionGuid = {EEC1D2EE-7205-465A-A54A-316C1D741105}
	EndGlobalSection
EndGlobal
